
Microsoft Visual Studio Solution File, Format Version 12.00
# Visual Studio Version 17
VisualStudioVersion = 17.0.31903.59
MinimumVisualStudioVersion = 10.0.40219.1
Project("{9A19103F-16F7-4668-BE54-9A1E7A4F7556}") = "Leitor", "Leitor\Leitor.csproj", "{A2000427-6ADA-4E40-B0EE-640B0B955B1A}"
	ProjectSection(ProjectDependencies) = postProject
		{2DC2C3F3-0003-4B7F-A9BB-FD46314AEF9F} = {2DC2C3F3-0003-4B7F-A9BB-FD46314AEF9F}
	EndProjectSection
EndProject
Project("{9A19103F-16F7-4668-BE54-9A1E7A4F7556}") = "LerPorta", "LerPorta\LerPorta.csproj", "{2DC2C3F3-0003-4B7F-A9BB-FD46314AEF9F}"
EndProject
Global
	GlobalSection(SolutionConfigurationPlatforms) = preSolution
		Debug|Any CPU = Debug|Any CPU
		Release|Any CPU = Release|Any CPU
	EndGlobalSection
	GlobalSection(ProjectConfigurationPlatforms) = postSolution
		{A2000427-6ADA-4E40-B0EE-640B0B955B1A}.Debug|Any CPU.ActiveCfg = Debug|Any CPU
		{A2000427-6ADA-4E40-B0EE-640B0B955B1A}.Debug|Any CPU.Build.0 = Debug|Any CPU
		{A2000427-6ADA-4E40-B0EE-640B0B955B1A}.Release|Any CPU.ActiveCfg = Release|Any CPU
		{A2000427-6ADA-4E40-B0EE-640B0B955B1A}.Release|Any CPU.Build.0 = Release|Any CPU
		{2DC2C3F3-0003-4B7F-A9BB-FD46314AEF9F}.Debug|Any CPU.ActiveCfg = Debug|Any CPU
		{2DC2C3F3-0003-4B7F-A9BB-FD46314AEF9F}.Debug|Any CPU.Build.0 = Debug|Any CPU
		{2DC2C3F3-0003-4B7F-A9BB-FD46314AEF9F}.Release|Any CPU.ActiveCfg = Release|Any CPU
		{2DC2C3F3-0003-4B7F-A9BB-FD46314AEF9F}.Release|Any CPU.Build.0 = Release|Any CPU
	EndGlobalSection
	GlobalSection(SolutionProperties) = preSolution
		HideSolutionNode = FALSE
	EndGlobalSection
EndGlobal
