
Microsoft Visual Studio Solution File, Format Version 12.00
# Visual Studio Version 17
VisualStudioVersion = 17.5.33414.496
MinimumVisualStudioVersion = 10.0.40219.1
Project("{9A19103F-16F7-4668-BE54-9A1E7A4F7556}") = "LerPorta", "LerPorta.csproj", "{7524445A-2C9D-474E-B6D5-3E9560CE0FCD}"
EndProject
Project("{FAE04EC0-301F-11D3-BF4B-00C04F79EFBC}") = "Leitor", "..\Leitor\Leitor.csproj", "{396A3627-9BCF-4B0B-85EA-FA34CC44EE2F}"
EndProject
Global
	GlobalSection(SolutionConfigurationPlatforms) = preSolution
		Debug|Any CPU = Debug|Any CPU
		Release|Any CPU = Release|Any CPU
	EndGlobalSection
	GlobalSection(ProjectConfigurationPlatforms) = postSolution
		{7524445A-2C9D-474E-B6D5-3E9560CE0FCD}.Debug|Any CPU.ActiveCfg = Debug|Any CPU
		{7524445A-2C9D-474E-B6D5-3E9560CE0FCD}.Debug|Any CPU.Build.0 = Debug|Any CPU
		{7524445A-2C9D-474E-B6D5-3E9560CE0FCD}.Release|Any CPU.ActiveCfg = Release|Any CPU
		{7524445A-2C9D-474E-B6D5-3E9560CE0FCD}.Release|Any CPU.Build.0 = Release|Any CPU
		{396A3627-9BCF-4B0B-85EA-FA34CC44EE2F}.Debug|Any CPU.ActiveCfg = Debug|Any CPU
		{396A3627-9BCF-4B0B-85EA-FA34CC44EE2F}.Debug|Any CPU.Build.0 = Debug|Any CPU
		{396A3627-9BCF-4B0B-85EA-FA34CC44EE2F}.Release|Any CPU.ActiveCfg = Release|Any CPU
		{396A3627-9BCF-4B0B-85EA-FA34CC44EE2F}.Release|Any CPU.Build.0 = Release|Any CPU
	EndGlobalSection
	GlobalSection(SolutionProperties) = preSolution
		HideSolutionNode = FALSE
	EndGlobalSection
	GlobalSection(ExtensibilityGlobals) = postSolution
		SolutionGuid = {CB45947D-2FA6-4EE2-8318-81148613BC0D}
	EndGlobalSection
EndGlobal
